
Microsoft Visual Studio Solution File, Format Version 12.00
# Visual Studio Version 17
VisualStudioVersion = 17.0.31919.166
MinimumVisualStudioVersion = 10.0.40219.1
Project("{9A19103F-16F7-4668-BE54-9A1E7A4F7556}") = "SpotWPF", "SpotWPF\SpotWPF.csproj", "{35374F3A-D638-4699-BC20-67E7B43258F1}"
EndProject
Project("{2150E333-8FDC-42A3-9474-1A3956D46DE8}") = "Solution Items", "Solution Items", "{6677189A-45BC-4DC9-A6B1-BB9C2276E68D}"
	ProjectSection(SolutionItems) = preProject
		.editorconfig = .editorconfig
	EndProjectSection
EndProject
Global
	GlobalSection(SolutionConfigurationPlatforms) = preSolution
		Debug|Any CPU = Debug|Any CPU
		Debug|x64 = Debug|x64
		Release|Any CPU = Release|Any CPU
		Release|x64 = Release|x64
	EndGlobalSection
	GlobalSection(ProjectConfigurationPlatforms) = postSolution
		{35374F3A-D638-4699-BC20-67E7B43258F1}.Debug|Any CPU.ActiveCfg = Debug|Any CPU
		{35374F3A-D638-4699-BC20-67E7B43258F1}.Debug|Any CPU.Build.0 = Debug|Any CPU
		{35374F3A-D638-4699-BC20-67E7B43258F1}.Debug|x64.ActiveCfg = Debug|x64
		{35374F3A-D638-4699-BC20-67E7B43258F1}.Debug|x64.Build.0 = Debug|x64
		{35374F3A-D638-4699-BC20-67E7B43258F1}.Release|Any CPU.ActiveCfg = Release|Any CPU
		{35374F3A-D638-4699-BC20-67E7B43258F1}.Release|Any CPU.Build.0 = Release|Any CPU
		{35374F3A-D638-4699-BC20-67E7B43258F1}.Release|x64.ActiveCfg = Release|x64
		{35374F3A-D638-4699-BC20-67E7B43258F1}.Release|x64.Build.0 = Release|x64
	EndGlobalSection
	GlobalSection(SolutionProperties) = preSolution
		HideSolutionNode = FALSE
	EndGlobalSection
	GlobalSection(ExtensibilityGlobals) = postSolution
		SolutionGuid = {CF40F24B-37BF-48CF-94A6-51A65E2F0349}
	EndGlobalSection
EndGlobal
